
Microsoft Visual Studio Solution File, Format Version 12.00
# Visual Studio Version 17
VisualStudioVersion = 17.4.33213.308
MinimumVisualStudioVersion = 10.0.40219.1
Project("{9A19103F-16F7-4668-BE54-9A1E7A4F7556}") = "Node", "Node\Node.csproj", "{7C7B01C5-9179-4136-B851-C1DFFE1B701C}"
EndProject
Project("{9A19103F-16F7-4668-BE54-9A1E7A4F7556}") = "BaseTaskManager", "BaseTask\BaseTaskManager.csproj", "{F3513378-6A59-4E10-8654-B2E4B6746603}"
EndProject
Project("{9A19103F-16F7-4668-BE54-9A1E7A4F7556}") = "Worker2", "WebApplication1\Worker2.csproj", "{62FFB547-0B1C-48E7-8B44-762BF7E4DE1F}"
EndProject
Project("{9A19103F-16F7-4668-BE54-9A1E7A4F7556}") = "LogManager", "LogManager\LogManager.csproj", "{E7F66162-8E37-4B7F-81DE-44B1C60D2FA5}"
EndProject
Project("{9A19103F-16F7-4668-BE54-9A1E7A4F7556}") = "MQManager", "MQManager\MQManager.csproj", "{01F27F52-A2F6-4BF7-B10D-BB64D804D6F4}"
EndProject
Project("{2150E333-8FDC-42A3-9474-1A3956D46DE8}") = "Comm", "Comm", "{68AACD76-82A4-42AD-965F-0113519637D4}"
EndProject
Project("{9A19103F-16F7-4668-BE54-9A1E7A4F7556}") = "DAO", "DAO\DAO.csproj", "{5F279929-DAB6-4667-8BDF-EF1D8677430F}"
EndProject
Project("{9A19103F-16F7-4668-BE54-9A1E7A4F7556}") = "Model", "Model\Model.csproj", "{9CEE0071-3991-4520-A077-1ECFB9E0A492}"
EndProject
Project("{FAE04EC0-301F-11D3-BF4B-00C04F79EFBC}") = "test", "test\test.csproj", "{568AACBD-B273-497C-8C98-6E1B52FE3B2B}"
EndProject
Global
	GlobalSection(SolutionConfigurationPlatforms) = preSolution
		Debug|Any CPU = Debug|Any CPU
		Release|Any CPU = Release|Any CPU
	EndGlobalSection
	GlobalSection(ProjectConfigurationPlatforms) = postSolution
		{7C7B01C5-9179-4136-B851-C1DFFE1B701C}.Debug|Any CPU.ActiveCfg = Debug|Any CPU
		{7C7B01C5-9179-4136-B851-C1DFFE1B701C}.Debug|Any CPU.Build.0 = Debug|Any CPU
		{7C7B01C5-9179-4136-B851-C1DFFE1B701C}.Release|Any CPU.ActiveCfg = Release|Any CPU
		{7C7B01C5-9179-4136-B851-C1DFFE1B701C}.Release|Any CPU.Build.0 = Release|Any CPU
		{F3513378-6A59-4E10-8654-B2E4B6746603}.Debug|Any CPU.ActiveCfg = Debug|Any CPU
		{F3513378-6A59-4E10-8654-B2E4B6746603}.Debug|Any CPU.Build.0 = Debug|Any CPU
		{F3513378-6A59-4E10-8654-B2E4B6746603}.Release|Any CPU.ActiveCfg = Release|Any CPU
		{F3513378-6A59-4E10-8654-B2E4B6746603}.Release|Any CPU.Build.0 = Release|Any CPU
		{62FFB547-0B1C-48E7-8B44-762BF7E4DE1F}.Debug|Any CPU.ActiveCfg = Debug|Any CPU
		{62FFB547-0B1C-48E7-8B44-762BF7E4DE1F}.Debug|Any CPU.Build.0 = Debug|Any CPU
		{62FFB547-0B1C-48E7-8B44-762BF7E4DE1F}.Release|Any CPU.ActiveCfg = Release|Any CPU
		{62FFB547-0B1C-48E7-8B44-762BF7E4DE1F}.Release|Any CPU.Build.0 = Release|Any CPU
		{E7F66162-8E37-4B7F-81DE-44B1C60D2FA5}.Debug|Any CPU.ActiveCfg = Debug|Any CPU
		{E7F66162-8E37-4B7F-81DE-44B1C60D2FA5}.Debug|Any CPU.Build.0 = Debug|Any CPU
		{E7F66162-8E37-4B7F-81DE-44B1C60D2FA5}.Release|Any CPU.ActiveCfg = Release|Any CPU
		{E7F66162-8E37-4B7F-81DE-44B1C60D2FA5}.Release|Any CPU.Build.0 = Release|Any CPU
		{01F27F52-A2F6-4BF7-B10D-BB64D804D6F4}.Debug|Any CPU.ActiveCfg = Debug|Any CPU
		{01F27F52-A2F6-4BF7-B10D-BB64D804D6F4}.Debug|Any CPU.Build.0 = Debug|Any CPU
		{01F27F52-A2F6-4BF7-B10D-BB64D804D6F4}.Release|Any CPU.ActiveCfg = Release|Any CPU
		{01F27F52-A2F6-4BF7-B10D-BB64D804D6F4}.Release|Any CPU.Build.0 = Release|Any CPU
		{5F279929-DAB6-4667-8BDF-EF1D8677430F}.Debug|Any CPU.ActiveCfg = Debug|Any CPU
		{5F279929-DAB6-4667-8BDF-EF1D8677430F}.Debug|Any CPU.Build.0 = Debug|Any CPU
		{5F279929-DAB6-4667-8BDF-EF1D8677430F}.Release|Any CPU.ActiveCfg = Release|Any CPU
		{5F279929-DAB6-4667-8BDF-EF1D8677430F}.Release|Any CPU.Build.0 = Release|Any CPU
		{9CEE0071-3991-4520-A077-1ECFB9E0A492}.Debug|Any CPU.ActiveCfg = Debug|Any CPU
		{9CEE0071-3991-4520-A077-1ECFB9E0A492}.Debug|Any CPU.Build.0 = Debug|Any CPU
		{9CEE0071-3991-4520-A077-1ECFB9E0A492}.Release|Any CPU.ActiveCfg = Release|Any CPU
		{9CEE0071-3991-4520-A077-1ECFB9E0A492}.Release|Any CPU.Build.0 = Release|Any CPU
		{568AACBD-B273-497C-8C98-6E1B52FE3B2B}.Debug|Any CPU.ActiveCfg = Debug|Any CPU
		{568AACBD-B273-497C-8C98-6E1B52FE3B2B}.Debug|Any CPU.Build.0 = Debug|Any CPU
		{568AACBD-B273-497C-8C98-6E1B52FE3B2B}.Release|Any CPU.ActiveCfg = Release|Any CPU
		{568AACBD-B273-497C-8C98-6E1B52FE3B2B}.Release|Any CPU.Build.0 = Release|Any CPU
	EndGlobalSection
	GlobalSection(SolutionProperties) = preSolution
		HideSolutionNode = FALSE
	EndGlobalSection
	GlobalSection(NestedProjects) = preSolution
		{F3513378-6A59-4E10-8654-B2E4B6746603} = {68AACD76-82A4-42AD-965F-0113519637D4}
		{E7F66162-8E37-4B7F-81DE-44B1C60D2FA5} = {68AACD76-82A4-42AD-965F-0113519637D4}
		{01F27F52-A2F6-4BF7-B10D-BB64D804D6F4} = {68AACD76-82A4-42AD-965F-0113519637D4}
		{5F279929-DAB6-4667-8BDF-EF1D8677430F} = {68AACD76-82A4-42AD-965F-0113519637D4}
		{9CEE0071-3991-4520-A077-1ECFB9E0A492} = {68AACD76-82A4-42AD-965F-0113519637D4}
	EndGlobalSection
	GlobalSection(ExtensibilityGlobals) = postSolution
		SolutionGuid = {0D864D1F-B7B0-4794-85EE-A062CB7E70D2}
	EndGlobalSection
EndGlobal
